
Microsoft Visual Studio Solution File, Format Version 12.00
# Visual Studio Version 17
VisualStudioVersion = 17.3.32804.467
MinimumVisualStudioVersion = 10.0.40219.1
Project("{F184B08F-C81C-45F6-A57F-5ABD9991F28F}") = "Know Your States", "Know Your States\Know Your States.vbproj", "{B51A518B-6A62-4039-ABEB-0FCF2E4D994B}"
EndProject
Global
	GlobalSection(SolutionConfigurationPlatforms) = preSolution
		Debug|Any CPU = Debug|Any CPU
		Release|Any CPU = Release|Any CPU
	EndGlobalSection
	GlobalSection(ProjectConfigurationPlatforms) = postSolution
		{B51A518B-6A62-4039-ABEB-0FCF2E4D994B}.Debug|Any CPU.ActiveCfg = Debug|Any CPU
		{B51A518B-6A62-4039-ABEB-0FCF2E4D994B}.Debug|Any CPU.Build.0 = Debug|Any CPU
		{B51A518B-6A62-4039-ABEB-0FCF2E4D994B}.Release|Any CPU.ActiveCfg = Release|Any CPU
		{B51A518B-6A62-4039-ABEB-0FCF2E4D994B}.Release|Any CPU.Build.0 = Release|Any CPU
	EndGlobalSection
	GlobalSection(SolutionProperties) = preSolution
		HideSolutionNode = FALSE
	EndGlobalSection
	GlobalSection(ExtensibilityGlobals) = postSolution
		SolutionGuid = {2AB4A1BF-E550-49F8-8783-24D61D8BC316}
	EndGlobalSection
EndGlobal
